
Microsoft Visual Studio Solution File, Format Version 12.00
# Visual Studio Version 17
VisualStudioVersion = 17.2.32526.322
MinimumVisualStudioVersion = 10.0.40219.1
Project("{9A19103F-16F7-4668-BE54-9A1E7A4F7556}") = "HealthMinAPI", "HealthMinAPI\HealthMinAPI.csproj", "{51B3D882-DFBC-413D-B9A7-F2E6EFD8DB3E}"
EndProject
Project("{E53339B2-1760-4266-BCC7-CA923CBCF16C}") = "docker-compose", "docker-compose.dcproj", "{B7DCD425-E602-47E8-9434-1B3BAFA01C3E}"
EndProject
Project("{9A19103F-16F7-4668-BE54-9A1E7A4F7556}") = "HighEduMinAPI", "HighEduMinAPI\HighEduMinAPI.csproj", "{7460E2E7-7320-4CDD-80DE-8EA95B9F2F05}"
EndProject
Project("{9A19103F-16F7-4668-BE54-9A1E7A4F7556}") = "AirLineAPI", "AirLineAPI\AirLineAPI.csproj", "{F10F2552-CAF0-4141-ACF5-CB8C9FB15F6A}"
EndProject
Project("{9A19103F-16F7-4668-BE54-9A1E7A4F7556}") = "PoliticalPartiesAPI", "PoliticalPartiesAPI\PoliticalPartiesAPI.csproj", "{7243E6DF-BD08-402A-9BCE-8C56E05CA656}"
EndProject
Project("{9A19103F-16F7-4668-BE54-9A1E7A4F7556}") = "BloodBankAPI", "BloodBankAPI\BloodBankAPI.csproj", "{BF4D6AE7-CBBD-4F2E-A3D9-72639F466BB6}"
EndProject
Project("{9A19103F-16F7-4668-BE54-9A1E7A4F7556}") = "UniversityAPI", "UniversityAPI\UniversityAPI.csproj", "{9B36C717-8980-44A8-9D09-1A81B0570D79}"
EndProject
Project("{9A19103F-16F7-4668-BE54-9A1E7A4F7556}") = "CivilPoliceAPI", "CivilPoliceAPI\CivilPoliceAPI.csproj", "{1594314C-B7CF-4EA5-BE80-1068F16397AC}"
EndProject
Project("{9A19103F-16F7-4668-BE54-9A1E7A4F7556}") = "DoctorsSyndicateAPI", "DoctorsSyndicateAPI\DoctorsSyndicateAPI.csproj", "{EFE0839D-48B8-45C0-81AD-15B077394F69}"
EndProject
Project("{9A19103F-16F7-4668-BE54-9A1E7A4F7556}") = "AwqafAPI", "AwqafAPI\AwqafAPI.csproj", "{3CC8E53F-A4EF-4D4F-B2E7-E229C9D73250}"
EndProject
Project("{9A19103F-16F7-4668-BE54-9A1E7A4F7556}") = "CourtAPI", "CourtAPI\CourtAPI.csproj", "{4D84515B-FD26-4E1A-98B2-6D348C8E3EFB}"
EndProject
Project("{9A19103F-16F7-4668-BE54-9A1E7A4F7556}") = "DefenseAPI", "DefenseAPI\DefenseAPI.csproj", "{BA3BC7B5-381B-4F8D-BFDA-CE46E1B69BF3}"
EndProject
Project("{9A19103F-16F7-4668-BE54-9A1E7A4F7556}") = "MilitaryCollegeAPI", "MilitaryCollegeAPI\MilitaryCollegeAPI.csproj", "{AFE6A788-E1BC-4F75-913D-72540E540B26}"
EndProject
Project("{9A19103F-16F7-4668-BE54-9A1E7A4F7556}") = "PassportAPI", "PassportAPI\PassportAPI.csproj", "{EBEA6E96-5F2D-410D-9B42-DE9D40E58FC4}"
EndProject
Project("{9A19103F-16F7-4668-BE54-9A1E7A4F7556}") = "JailAPI", "JailAPI\JailAPI.csproj", "{BDC3D95D-B2F9-4511-8F2A-75C0CE2B4772}"
EndProject
Project("{9A19103F-16F7-4668-BE54-9A1E7A4F7556}") = "CompetentAuthorityAPI", "CompetentAuthorityAPI\CompetentAuthorityAPI.csproj", "{4E29FB4B-EFD9-44C0-A843-514174D3C1AE}"
EndProject
Project("{9A19103F-16F7-4668-BE54-9A1E7A4F7556}") = "MinistryOfForeignAffairsAPI", "MinistryOfForeignAffairsAPI\MinistryOfForeignAffairsAPI.csproj", "{03FEB6D1-5B89-44B1-A654-AD70CFC19020}"
EndProject
Project("{9A19103F-16F7-4668-BE54-9A1E7A4F7556}") = "LoginAPI", "LoginAPI\LoginAPI.csproj", "{9790FF93-EFD0-429F-B813-951943A8959C}"
EndProject
Project("{9A19103F-16F7-4668-BE54-9A1E7A4F7556}") = "MinestryofInteriorAffairsAPI", "MinestryofInteriorAffairsAPI\MinestryofInteriorAffairsAPI.csproj", "{5DA130DB-BF23-49D1-ACA8-6C584AF1628E}"
EndProject
Project("{FAE04EC0-301F-11D3-BF4B-00C04F79EFBC}") = "BarAssociationAPI", "BarAssociationAPI\BarAssociationAPI.csproj", "{62894D7F-5EB9-4AB4-AE71-B8C8D404002D}"
EndProject
Project("{FAE04EC0-301F-11D3-BF4B-00C04F79EFBC}") = "FinanceAPI", "FinanceAPI\FinanceAPI.csproj", "{D82DAC18-A428-48DD-BF09-3182ED3FCDF3}"
EndProject
Project("{FAE04EC0-301F-11D3-BF4B-00C04F79EFBC}") = "EduMinAPI", "EduMinAPI\EduMinAPI.csproj", "{A5F87FC2-D7D8-4120-A1E7-8CFA337D2DCE}"
EndProject
Project("{FAE04EC0-301F-11D3-BF4B-00C04F79EFBC}") = "LaborMinAPI", "LaborMinAPI\LaborMinAPI.csproj", "{D77BB05B-C24F-486E-8E0E-C6F804D28A11}"
EndProject
Project("{FAE04EC0-301F-11D3-BF4B-00C04F79EFBC}") = "TransportationMinAPI", "TransportationMinAPI\TransportationMinAPI.csproj", "{5D7C58BE-CAA9-421A-B70F-CEFD10086E6C}"
EndProject
Global
	GlobalSection(SolutionConfigurationPlatforms) = preSolution
		Debug|Any CPU = Debug|Any CPU
		Release|Any CPU = Release|Any CPU
	EndGlobalSection
	GlobalSection(ProjectConfigurationPlatforms) = postSolution
		{51B3D882-DFBC-413D-B9A7-F2E6EFD8DB3E}.Debug|Any CPU.ActiveCfg = Debug|Any CPU
		{51B3D882-DFBC-413D-B9A7-F2E6EFD8DB3E}.Debug|Any CPU.Build.0 = Debug|Any CPU
		{51B3D882-DFBC-413D-B9A7-F2E6EFD8DB3E}.Release|Any CPU.ActiveCfg = Release|Any CPU
		{51B3D882-DFBC-413D-B9A7-F2E6EFD8DB3E}.Release|Any CPU.Build.0 = Release|Any CPU
		{B7DCD425-E602-47E8-9434-1B3BAFA01C3E}.Debug|Any CPU.ActiveCfg = Debug|Any CPU
		{B7DCD425-E602-47E8-9434-1B3BAFA01C3E}.Debug|Any CPU.Build.0 = Debug|Any CPU
		{B7DCD425-E602-47E8-9434-1B3BAFA01C3E}.Release|Any CPU.ActiveCfg = Release|Any CPU
		{B7DCD425-E602-47E8-9434-1B3BAFA01C3E}.Release|Any CPU.Build.0 = Release|Any CPU
		{7460E2E7-7320-4CDD-80DE-8EA95B9F2F05}.Debug|Any CPU.ActiveCfg = Debug|Any CPU
		{7460E2E7-7320-4CDD-80DE-8EA95B9F2F05}.Debug|Any CPU.Build.0 = Debug|Any CPU
		{7460E2E7-7320-4CDD-80DE-8EA95B9F2F05}.Release|Any CPU.ActiveCfg = Release|Any CPU
		{7460E2E7-7320-4CDD-80DE-8EA95B9F2F05}.Release|Any CPU.Build.0 = Release|Any CPU
		{F10F2552-CAF0-4141-ACF5-CB8C9FB15F6A}.Debug|Any CPU.ActiveCfg = Debug|Any CPU
		{F10F2552-CAF0-4141-ACF5-CB8C9FB15F6A}.Debug|Any CPU.Build.0 = Debug|Any CPU
		{F10F2552-CAF0-4141-ACF5-CB8C9FB15F6A}.Release|Any CPU.ActiveCfg = Release|Any CPU
		{F10F2552-CAF0-4141-ACF5-CB8C9FB15F6A}.Release|Any CPU.Build.0 = Release|Any CPU
		{7243E6DF-BD08-402A-9BCE-8C56E05CA656}.Debug|Any CPU.ActiveCfg = Debug|Any CPU
		{7243E6DF-BD08-402A-9BCE-8C56E05CA656}.Debug|Any CPU.Build.0 = Debug|Any CPU
		{7243E6DF-BD08-402A-9BCE-8C56E05CA656}.Release|Any CPU.ActiveCfg = Release|Any CPU
		{7243E6DF-BD08-402A-9BCE-8C56E05CA656}.Release|Any CPU.Build.0 = Release|Any CPU
		{BF4D6AE7-CBBD-4F2E-A3D9-72639F466BB6}.Debug|Any CPU.ActiveCfg = Debug|Any CPU
		{BF4D6AE7-CBBD-4F2E-A3D9-72639F466BB6}.Debug|Any CPU.Build.0 = Debug|Any CPU
		{BF4D6AE7-CBBD-4F2E-A3D9-72639F466BB6}.Release|Any CPU.ActiveCfg = Release|Any CPU
		{BF4D6AE7-CBBD-4F2E-A3D9-72639F466BB6}.Release|Any CPU.Build.0 = Release|Any CPU
		{9B36C717-8980-44A8-9D09-1A81B0570D79}.Debug|Any CPU.ActiveCfg = Debug|Any CPU
		{9B36C717-8980-44A8-9D09-1A81B0570D79}.Debug|Any CPU.Build.0 = Debug|Any CPU
		{9B36C717-8980-44A8-9D09-1A81B0570D79}.Release|Any CPU.ActiveCfg = Release|Any CPU
		{9B36C717-8980-44A8-9D09-1A81B0570D79}.Release|Any CPU.Build.0 = Release|Any CPU
		{1594314C-B7CF-4EA5-BE80-1068F16397AC}.Debug|Any CPU.ActiveCfg = Debug|Any CPU
		{1594314C-B7CF-4EA5-BE80-1068F16397AC}.Debug|Any CPU.Build.0 = Debug|Any CPU
		{1594314C-B7CF-4EA5-BE80-1068F16397AC}.Release|Any CPU.ActiveCfg = Release|Any CPU
		{1594314C-B7CF-4EA5-BE80-1068F16397AC}.Release|Any CPU.Build.0 = Release|Any CPU
		{EFE0839D-48B8-45C0-81AD-15B077394F69}.Debug|Any CPU.ActiveCfg = Debug|Any CPU
		{EFE0839D-48B8-45C0-81AD-15B077394F69}.Debug|Any CPU.Build.0 = Debug|Any CPU
		{EFE0839D-48B8-45C0-81AD-15B077394F69}.Release|Any CPU.ActiveCfg = Release|Any CPU
		{EFE0839D-48B8-45C0-81AD-15B077394F69}.Release|Any CPU.Build.0 = Release|Any CPU
		{3CC8E53F-A4EF-4D4F-B2E7-E229C9D73250}.Debug|Any CPU.ActiveCfg = Debug|Any CPU
		{3CC8E53F-A4EF-4D4F-B2E7-E229C9D73250}.Debug|Any CPU.Build.0 = Debug|Any CPU
		{3CC8E53F-A4EF-4D4F-B2E7-E229C9D73250}.Release|Any CPU.ActiveCfg = Release|Any CPU
		{3CC8E53F-A4EF-4D4F-B2E7-E229C9D73250}.Release|Any CPU.Build.0 = Release|Any CPU
		{4D84515B-FD26-4E1A-98B2-6D348C8E3EFB}.Debug|Any CPU.ActiveCfg = Debug|Any CPU
		{4D84515B-FD26-4E1A-98B2-6D348C8E3EFB}.Debug|Any CPU.Build.0 = Debug|Any CPU
		{4D84515B-FD26-4E1A-98B2-6D348C8E3EFB}.Release|Any CPU.ActiveCfg = Release|Any CPU
		{4D84515B-FD26-4E1A-98B2-6D348C8E3EFB}.Release|Any CPU.Build.0 = Release|Any CPU
		{BA3BC7B5-381B-4F8D-BFDA-CE46E1B69BF3}.Debug|Any CPU.ActiveCfg = Debug|Any CPU
		{BA3BC7B5-381B-4F8D-BFDA-CE46E1B69BF3}.Debug|Any CPU.Build.0 = Debug|Any CPU
		{BA3BC7B5-381B-4F8D-BFDA-CE46E1B69BF3}.Release|Any CPU.ActiveCfg = Release|Any CPU
		{BA3BC7B5-381B-4F8D-BFDA-CE46E1B69BF3}.Release|Any CPU.Build.0 = Release|Any CPU
		{AFE6A788-E1BC-4F75-913D-72540E540B26}.Debug|Any CPU.ActiveCfg = Debug|Any CPU
		{AFE6A788-E1BC-4F75-913D-72540E540B26}.Debug|Any CPU.Build.0 = Debug|Any CPU
		{AFE6A788-E1BC-4F75-913D-72540E540B26}.Release|Any CPU.ActiveCfg = Release|Any CPU
		{AFE6A788-E1BC-4F75-913D-72540E540B26}.Release|Any CPU.Build.0 = Release|Any CPU
		{EBEA6E96-5F2D-410D-9B42-DE9D40E58FC4}.Debug|Any CPU.ActiveCfg = Debug|Any CPU
		{EBEA6E96-5F2D-410D-9B42-DE9D40E58FC4}.Debug|Any CPU.Build.0 = Debug|Any CPU
		{EBEA6E96-5F2D-410D-9B42-DE9D40E58FC4}.Release|Any CPU.ActiveCfg = Release|Any CPU
		{EBEA6E96-5F2D-410D-9B42-DE9D40E58FC4}.Release|Any CPU.Build.0 = Release|Any CPU
		{BDC3D95D-B2F9-4511-8F2A-75C0CE2B4772}.Debug|Any CPU.ActiveCfg = Debug|Any CPU
		{BDC3D95D-B2F9-4511-8F2A-75C0CE2B4772}.Debug|Any CPU.Build.0 = Debug|Any CPU
		{BDC3D95D-B2F9-4511-8F2A-75C0CE2B4772}.Release|Any CPU.ActiveCfg = Release|Any CPU
		{BDC3D95D-B2F9-4511-8F2A-75C0CE2B4772}.Release|Any CPU.Build.0 = Release|Any CPU
		{4E29FB4B-EFD9-44C0-A843-514174D3C1AE}.Debug|Any CPU.ActiveCfg = Debug|Any CPU
		{4E29FB4B-EFD9-44C0-A843-514174D3C1AE}.Debug|Any CPU.Build.0 = Debug|Any CPU
		{4E29FB4B-EFD9-44C0-A843-514174D3C1AE}.Release|Any CPU.ActiveCfg = Release|Any CPU
		{4E29FB4B-EFD9-44C0-A843-514174D3C1AE}.Release|Any CPU.Build.0 = Release|Any CPU
		{03FEB6D1-5B89-44B1-A654-AD70CFC19020}.Debug|Any CPU.ActiveCfg = Debug|Any CPU
		{03FEB6D1-5B89-44B1-A654-AD70CFC19020}.Debug|Any CPU.Build.0 = Debug|Any CPU
		{03FEB6D1-5B89-44B1-A654-AD70CFC19020}.Release|Any CPU.ActiveCfg = Release|Any CPU
		{03FEB6D1-5B89-44B1-A654-AD70CFC19020}.Release|Any CPU.Build.0 = Release|Any CPU
		{9790FF93-EFD0-429F-B813-951943A8959C}.Debug|Any CPU.ActiveCfg = Debug|Any CPU
		{9790FF93-EFD0-429F-B813-951943A8959C}.Debug|Any CPU.Build.0 = Debug|Any CPU
		{9790FF93-EFD0-429F-B813-951943A8959C}.Release|Any CPU.ActiveCfg = Release|Any CPU
		{9790FF93-EFD0-429F-B813-951943A8959C}.Release|Any CPU.Build.0 = Release|Any CPU
		{5DA130DB-BF23-49D1-ACA8-6C584AF1628E}.Debug|Any CPU.ActiveCfg = Debug|Any CPU
		{5DA130DB-BF23-49D1-ACA8-6C584AF1628E}.Debug|Any CPU.Build.0 = Debug|Any CPU
		{5DA130DB-BF23-49D1-ACA8-6C584AF1628E}.Release|Any CPU.ActiveCfg = Release|Any CPU
		{5DA130DB-BF23-49D1-ACA8-6C584AF1628E}.Release|Any CPU.Build.0 = Release|Any CPU
		{62894D7F-5EB9-4AB4-AE71-B8C8D404002D}.Debug|Any CPU.ActiveCfg = Debug|Any CPU
		{62894D7F-5EB9-4AB4-AE71-B8C8D404002D}.Debug|Any CPU.Build.0 = Debug|Any CPU
		{62894D7F-5EB9-4AB4-AE71-B8C8D404002D}.Release|Any CPU.ActiveCfg = Release|Any CPU
		{62894D7F-5EB9-4AB4-AE71-B8C8D404002D}.Release|Any CPU.Build.0 = Release|Any CPU
		{D82DAC18-A428-48DD-BF09-3182ED3FCDF3}.Debug|Any CPU.ActiveCfg = Debug|Any CPU
		{D82DAC18-A428-48DD-BF09-3182ED3FCDF3}.Debug|Any CPU.Build.0 = Debug|Any CPU
		{D82DAC18-A428-48DD-BF09-3182ED3FCDF3}.Release|Any CPU.ActiveCfg = Release|Any CPU
		{D82DAC18-A428-48DD-BF09-3182ED3FCDF3}.Release|Any CPU.Build.0 = Release|Any CPU
		{A5F87FC2-D7D8-4120-A1E7-8CFA337D2DCE}.Debug|Any CPU.ActiveCfg = Debug|Any CPU
		{A5F87FC2-D7D8-4120-A1E7-8CFA337D2DCE}.Debug|Any CPU.Build.0 = Debug|Any CPU
		{A5F87FC2-D7D8-4120-A1E7-8CFA337D2DCE}.Release|Any CPU.ActiveCfg = Release|Any CPU
		{A5F87FC2-D7D8-4120-A1E7-8CFA337D2DCE}.Release|Any CPU.Build.0 = Release|Any CPU
		{D77BB05B-C24F-486E-8E0E-C6F804D28A11}.Debug|Any CPU.ActiveCfg = Debug|Any CPU
		{D77BB05B-C24F-486E-8E0E-C6F804D28A11}.Debug|Any CPU.Build.0 = Debug|Any CPU
		{D77BB05B-C24F-486E-8E0E-C6F804D28A11}.Release|Any CPU.ActiveCfg = Release|Any CPU
		{D77BB05B-C24F-486E-8E0E-C6F804D28A11}.Release|Any CPU.Build.0 = Release|Any CPU
		{5D7C58BE-CAA9-421A-B70F-CEFD10086E6C}.Debug|Any CPU.ActiveCfg = Debug|Any CPU
		{5D7C58BE-CAA9-421A-B70F-CEFD10086E6C}.Debug|Any CPU.Build.0 = Debug|Any CPU
		{5D7C58BE-CAA9-421A-B70F-CEFD10086E6C}.Release|Any CPU.ActiveCfg = Release|Any CPU
		{5D7C58BE-CAA9-421A-B70F-CEFD10086E6C}.Release|Any CPU.Build.0 = Release|Any CPU
	EndGlobalSection
	GlobalSection(SolutionProperties) = preSolution
		HideSolutionNode = FALSE
	EndGlobalSection
	GlobalSection(ExtensibilityGlobals) = postSolution
		SolutionGuid = {C701F6D6-E12A-465F-900C-8C9D976BDC54}
	EndGlobalSection
EndGlobal
