
Microsoft Visual Studio Solution File, Format Version 12.00
# Visual Studio Version 17
VisualStudioVersion = 17.0.31919.166
MinimumVisualStudioVersion = 10.0.40219.1
Project("{9A19103F-16F7-4668-BE54-9A1E7A4F7556}") = "HealthMinAPI", "HealthMinAPI\HealthMinAPI.csproj", "{51B3D882-DFBC-413D-B9A7-F2E6EFD8DB3E}"
EndProject
Project("{E53339B2-1760-4266-BCC7-CA923CBCF16C}") = "docker-compose", "docker-compose.dcproj", "{B7DCD425-E602-47E8-9434-1B3BAFA01C3E}"
EndProject
Project("{9A19103F-16F7-4668-BE54-9A1E7A4F7556}") = "HighEduMinAPI", "HighEduMinAPI\HighEduMinAPI.csproj", "{7460E2E7-7320-4CDD-80DE-8EA95B9F2F05}"
EndProject
Project("{9A19103F-16F7-4668-BE54-9A1E7A4F7556}") = "AirLineAPI", "AirLineAPI\AirLineAPI.csproj", "{F10F2552-CAF0-4141-ACF5-CB8C9FB15F6A}"
EndProject
Project("{9A19103F-16F7-4668-BE54-9A1E7A4F7556}") = "PoliticalPartiesAPI", "PoliticalPartiesAPI\PoliticalPartiesAPI.csproj", "{7243E6DF-BD08-402A-9BCE-8C56E05CA656}"
EndProject
Project("{FAE04EC0-301F-11D3-BF4B-00C04F79EFBC}") = "LoginAPI", "LoginAPI\LoginAPI.csproj", "{7C24F5F1-531C-4E86-879D-A3196DB99EC4}"
EndProject
Global
	GlobalSection(SolutionConfigurationPlatforms) = preSolution
		Debug|Any CPU = Debug|Any CPU
		Release|Any CPU = Release|Any CPU
	EndGlobalSection
	GlobalSection(ProjectConfigurationPlatforms) = postSolution
		{51B3D882-DFBC-413D-B9A7-F2E6EFD8DB3E}.Debug|Any CPU.ActiveCfg = Debug|Any CPU
		{51B3D882-DFBC-413D-B9A7-F2E6EFD8DB3E}.Debug|Any CPU.Build.0 = Debug|Any CPU
		{51B3D882-DFBC-413D-B9A7-F2E6EFD8DB3E}.Release|Any CPU.ActiveCfg = Release|Any CPU
		{51B3D882-DFBC-413D-B9A7-F2E6EFD8DB3E}.Release|Any CPU.Build.0 = Release|Any CPU
		{B7DCD425-E602-47E8-9434-1B3BAFA01C3E}.Debug|Any CPU.ActiveCfg = Debug|Any CPU
		{B7DCD425-E602-47E8-9434-1B3BAFA01C3E}.Debug|Any CPU.Build.0 = Debug|Any CPU
		{B7DCD425-E602-47E8-9434-1B3BAFA01C3E}.Release|Any CPU.ActiveCfg = Release|Any CPU
		{B7DCD425-E602-47E8-9434-1B3BAFA01C3E}.Release|Any CPU.Build.0 = Release|Any CPU
		{7460E2E7-7320-4CDD-80DE-8EA95B9F2F05}.Debug|Any CPU.ActiveCfg = Debug|Any CPU
		{7460E2E7-7320-4CDD-80DE-8EA95B9F2F05}.Debug|Any CPU.Build.0 = Debug|Any CPU
		{7460E2E7-7320-4CDD-80DE-8EA95B9F2F05}.Release|Any CPU.ActiveCfg = Release|Any CPU
		{7460E2E7-7320-4CDD-80DE-8EA95B9F2F05}.Release|Any CPU.Build.0 = Release|Any CPU
		{F10F2552-CAF0-4141-ACF5-CB8C9FB15F6A}.Debug|Any CPU.ActiveCfg = Debug|Any CPU
		{F10F2552-CAF0-4141-ACF5-CB8C9FB15F6A}.Debug|Any CPU.Build.0 = Debug|Any CPU
		{F10F2552-CAF0-4141-ACF5-CB8C9FB15F6A}.Release|Any CPU.ActiveCfg = Release|Any CPU
		{F10F2552-CAF0-4141-ACF5-CB8C9FB15F6A}.Release|Any CPU.Build.0 = Release|Any CPU
		{7243E6DF-BD08-402A-9BCE-8C56E05CA656}.Debug|Any CPU.ActiveCfg = Debug|Any CPU
		{7243E6DF-BD08-402A-9BCE-8C56E05CA656}.Debug|Any CPU.Build.0 = Debug|Any CPU
		{7243E6DF-BD08-402A-9BCE-8C56E05CA656}.Release|Any CPU.ActiveCfg = Release|Any CPU
		{7243E6DF-BD08-402A-9BCE-8C56E05CA656}.Release|Any CPU.Build.0 = Release|Any CPU
		{7C24F5F1-531C-4E86-879D-A3196DB99EC4}.Debug|Any CPU.ActiveCfg = Debug|Any CPU
		{7C24F5F1-531C-4E86-879D-A3196DB99EC4}.Debug|Any CPU.Build.0 = Debug|Any CPU
		{7C24F5F1-531C-4E86-879D-A3196DB99EC4}.Release|Any CPU.ActiveCfg = Release|Any CPU
		{7C24F5F1-531C-4E86-879D-A3196DB99EC4}.Release|Any CPU.Build.0 = Release|Any CPU
	EndGlobalSection
	GlobalSection(SolutionProperties) = preSolution
		HideSolutionNode = FALSE
	EndGlobalSection
	GlobalSection(ExtensibilityGlobals) = postSolution
		SolutionGuid = {C701F6D6-E12A-465F-900C-8C9D976BDC54}
	EndGlobalSection
EndGlobal
